
Microsoft Visual Studio Solution File, Format Version 12.00
# Visual Studio Version 16
VisualStudioVersion = 16.0.31129.286
MinimumVisualStudioVersion = 10.0.40219.1
Project("{FAE04EC0-301F-11D3-BF4B-00C04F79EFBC}") = "chap08_if_switch", "chap08_if_switch.csproj", "{269D4E2F-F765-45CE-A318-34F3857636E4}"
EndProject
Global
	GlobalSection(SolutionConfigurationPlatforms) = preSolution
		Debug|Any CPU = Debug|Any CPU
		Release|Any CPU = Release|Any CPU
	EndGlobalSection
	GlobalSection(ProjectConfigurationPlatforms) = postSolution
		{269D4E2F-F765-45CE-A318-34F3857636E4}.Debug|Any CPU.ActiveCfg = Debug|Any CPU
		{269D4E2F-F765-45CE-A318-34F3857636E4}.Debug|Any CPU.Build.0 = Debug|Any CPU
		{269D4E2F-F765-45CE-A318-34F3857636E4}.Release|Any CPU.ActiveCfg = Release|Any CPU
		{269D4E2F-F765-45CE-A318-34F3857636E4}.Release|Any CPU.Build.0 = Release|Any CPU
	EndGlobalSection
	GlobalSection(SolutionProperties) = preSolution
		HideSolutionNode = FALSE
	EndGlobalSection
	GlobalSection(ExtensibilityGlobals) = postSolution
		SolutionGuid = {2363054F-31F6-464D-985C-601118BF8861}
	EndGlobalSection
EndGlobal
