
Microsoft Visual Studio Solution File, Format Version 12.00
# Visual Studio Version 16
VisualStudioVersion = 16.0.31129.286
MinimumVisualStudioVersion = 10.0.40219.1
Project("{FAE04EC0-301F-11D3-BF4B-00C04F79EFBC}") = "chap13_Inheritance", "chap13_Inheritance.csproj", "{670A9923-F05C-4AF2-9911-708D3E724D4B}"
EndProject
Global
	GlobalSection(SolutionConfigurationPlatforms) = preSolution
		Debug|Any CPU = Debug|Any CPU
		Release|Any CPU = Release|Any CPU
	EndGlobalSection
	GlobalSection(ProjectConfigurationPlatforms) = postSolution
		{670A9923-F05C-4AF2-9911-708D3E724D4B}.Debug|Any CPU.ActiveCfg = Debug|Any CPU
		{670A9923-F05C-4AF2-9911-708D3E724D4B}.Debug|Any CPU.Build.0 = Debug|Any CPU
		{670A9923-F05C-4AF2-9911-708D3E724D4B}.Release|Any CPU.ActiveCfg = Release|Any CPU
		{670A9923-F05C-4AF2-9911-708D3E724D4B}.Release|Any CPU.Build.0 = Release|Any CPU
	EndGlobalSection
	GlobalSection(SolutionProperties) = preSolution
		HideSolutionNode = FALSE
	EndGlobalSection
	GlobalSection(ExtensibilityGlobals) = postSolution
		SolutionGuid = {B2541F22-3B29-49B7-BF1D-74E83E42731C}
	EndGlobalSection
EndGlobal
