
Microsoft Visual Studio Solution File, Format Version 12.00
# Visual Studio Version 16
VisualStudioVersion = 16.0.31129.286
MinimumVisualStudioVersion = 10.0.40219.1
Project("{FAE04EC0-301F-11D3-BF4B-00C04F79EFBC}") = "chap02_DataType", "chap02_DataType.csproj", "{ED7A0928-48C9-419F-86CA-7FD561BADEA4}"
EndProject
Global
	GlobalSection(SolutionConfigurationPlatforms) = preSolution
		Debug|Any CPU = Debug|Any CPU
		Release|Any CPU = Release|Any CPU
	EndGlobalSection
	GlobalSection(ProjectConfigurationPlatforms) = postSolution
		{ED7A0928-48C9-419F-86CA-7FD561BADEA4}.Debug|Any CPU.ActiveCfg = Debug|Any CPU
		{ED7A0928-48C9-419F-86CA-7FD561BADEA4}.Debug|Any CPU.Build.0 = Debug|Any CPU
		{ED7A0928-48C9-419F-86CA-7FD561BADEA4}.Release|Any CPU.ActiveCfg = Release|Any CPU
		{ED7A0928-48C9-419F-86CA-7FD561BADEA4}.Release|Any CPU.Build.0 = Release|Any CPU
	EndGlobalSection
	GlobalSection(SolutionProperties) = preSolution
		HideSolutionNode = FALSE
	EndGlobalSection
	GlobalSection(ExtensibilityGlobals) = postSolution
		SolutionGuid = {74769654-9DD3-4FA3-9FC6-E5774DE590B3}
	EndGlobalSection
EndGlobal
