
Microsoft Visual Studio Solution File, Format Version 12.00
# Visual Studio Version 16
VisualStudioVersion = 16.0.31129.286
MinimumVisualStudioVersion = 10.0.40219.1
Project("{FAE04EC0-301F-11D3-BF4B-00C04F79EFBC}") = "chap05_Enum", "chap05_Enum.csproj", "{88A6A77B-D6D1-43A0-8BB4-5029FF83F233}"
EndProject
Global
	GlobalSection(SolutionConfigurationPlatforms) = preSolution
		Debug|Any CPU = Debug|Any CPU
		Release|Any CPU = Release|Any CPU
	EndGlobalSection
	GlobalSection(ProjectConfigurationPlatforms) = postSolution
		{88A6A77B-D6D1-43A0-8BB4-5029FF83F233}.Debug|Any CPU.ActiveCfg = Debug|Any CPU
		{88A6A77B-D6D1-43A0-8BB4-5029FF83F233}.Debug|Any CPU.Build.0 = Debug|Any CPU
		{88A6A77B-D6D1-43A0-8BB4-5029FF83F233}.Release|Any CPU.ActiveCfg = Release|Any CPU
		{88A6A77B-D6D1-43A0-8BB4-5029FF83F233}.Release|Any CPU.Build.0 = Release|Any CPU
	EndGlobalSection
	GlobalSection(SolutionProperties) = preSolution
		HideSolutionNode = FALSE
	EndGlobalSection
	GlobalSection(ExtensibilityGlobals) = postSolution
		SolutionGuid = {16C16424-1C8B-47BA-9668-428D862C11B5}
	EndGlobalSection
EndGlobal
